
Microsoft Visual Studio Solution File, Format Version 12.00
# Visual Studio Version 16
VisualStudioVersion = 16.0.29609.76
MinimumVisualStudioVersion = 10.0.40219.1
Project("{2150E333-8FDC-42A3-9474-1A3956D46DE8}") = "Solution Items", "Solution Items", "{1EF3C24C-478A-4F56-B718-0D0FDB7AA88F}"
	ProjectSection(SolutionItems) = preProject
		.github\ISSUE_TEMPLATE\bug_report.md = .github\ISSUE_TEMPLATE\bug_report.md
		.github\ISSUE_TEMPLATE\feature_request.md = .github\ISSUE_TEMPLATE\feature_request.md
		LICENSE.md = LICENSE.md
		.github\workflows\publish-nuget.yml = .github\workflows\publish-nuget.yml
		.github\pull_request_template.md = .github\pull_request_template.md
		README.md = README.md
	EndProjectSection
EndProject
Project("{9A19103F-16F7-4668-BE54-9A1E7A4F7556}") = "Core", "src\Core\Core.csproj", "{DE76FD11-8FB8-484C-9F74-3A22926249A8}"
EndProject
Project("{2150E333-8FDC-42A3-9474-1A3956D46DE8}") = "Navigation", "Navigation", "{29BB5201-B1C7-4B28-B66A-56993CE74AC1}"
EndProject
Project("{9A19103F-16F7-4668-BE54-9A1E7A4F7556}") = "MVVM", "src\MVVM\MVVM.csproj", "{8D81D33A-3413-468D-92C4-D08E65DC47A1}"
EndProject
Project("{9A19103F-16F7-4668-BE54-9A1E7A4F7556}") = "Messaging", "src\Messaging\Messaging.csproj", "{96941ECE-54E5-4985-B823-1451D6EEDDC1}"
EndProject
Project("{2150E333-8FDC-42A3-9474-1A3956D46DE8}") = "Testing", "Testing", "{787E435B-2F0B-4558-AC69-7AF2FDFAA500}"
EndProject
Project("{9A19103F-16F7-4668-BE54-9A1E7A4F7556}") = "UnitTests", "src\tests\UnitTests\UnitTests.csproj", "{410E1651-0D1B-423A-8BE7-5323B1626820}"
EndProject
Project("{2150E333-8FDC-42A3-9474-1A3956D46DE8}") = "DependencyInjection", "DependencyInjection", "{C8EFF4E6-43D2-494A-BF09-343423ECCC5A}"
EndProject
Project("{2150E333-8FDC-42A3-9474-1A3956D46DE8}") = "Logging", "Logging", "{A8EDB898-CC2D-4EF5-9CE5-CC48BDD51DE4}"
EndProject
Project("{9A19103F-16F7-4668-BE54-9A1E7A4F7556}") = "Logging", "src\Logging\Logging\Logging.csproj", "{E987A4CF-C291-4E23-9411-C8D7BD7B99ED}"
EndProject
Project("{9A19103F-16F7-4668-BE54-9A1E7A4F7556}") = "Logging.Console", "src\Logging\Logging.Console\Logging.Console.csproj", "{1EAF252D-DE27-421D-B0C6-7520484F0031}"
EndProject
Project("{9A19103F-16F7-4668-BE54-9A1E7A4F7556}") = "Logging.Debug", "src\Logging\Logging.Debug\Logging.Debug.csproj", "{5B3AC20B-FA15-4985-BCB9-437C9162D3A8}"
EndProject
Project("{9A19103F-16F7-4668-BE54-9A1E7A4F7556}") = "Logging.Batching", "src\Logging\Logging.Batching\Logging.Batching.csproj", "{F0B5FE26-093B-4035-AE0D-CE561CF09B4A}"
EndProject
Project("{9A19103F-16F7-4668-BE54-9A1E7A4F7556}") = "Logging.File", "src\Logging\Logging.File\Logging.File.csproj", "{3A77AD67-9356-40B3-909D-EC5699B9AEE4}"
EndProject
Project("{2150E333-8FDC-42A3-9474-1A3956D46DE8}") = "Dialogs", "Dialogs", "{83518436-0476-4F4D-BE28-97E605BFF297}"
EndProject
Project("{9A19103F-16F7-4668-BE54-9A1E7A4F7556}") = "Dialogs", "src\Dialogs\Dialogs\Dialogs.csproj", "{37A8B3CF-C5F3-4B47-A497-8204E47AD1B9}"
EndProject
Project("{9A19103F-16F7-4668-BE54-9A1E7A4F7556}") = "Dialogs.Xamarin.Forms", "src\Dialogs\Dialogs.Xamarin.Forms\Dialogs.Xamarin.Forms.csproj", "{26F8340F-9164-4F6C-B9F0-091C25701BC7}"
EndProject
Project("{9A19103F-16F7-4668-BE54-9A1E7A4F7556}") = "DependencyInjection", "src\DependencyInjection\DependencyInjection\DependencyInjection.csproj", "{01604C86-EDAB-4EA8-8176-82BAB76B2CB5}"
EndProject
Project("{9A19103F-16F7-4668-BE54-9A1E7A4F7556}") = "DependencyInjection.Ninject", "src\DependencyInjection\DependencyInjection.Ninject\DependencyInjection.Ninject.csproj", "{C9A674D9-2056-4E21-8FC9-2D39E435D241}"
EndProject
Project("{9A19103F-16F7-4668-BE54-9A1E7A4F7556}") = "DependencyInjection.DryIoC", "src\DependencyInjection\DependencyInjection.DryIoC\DependencyInjection.DryIoC.csproj", "{C7A9C277-322D-4FF5-B3E3-58BEA844E550}"
EndProject
Project("{9A19103F-16F7-4668-BE54-9A1E7A4F7556}") = "Navigation.Xamarin.Forms", "src\Navigation\Navigation.Xamarin.Forms\Navigation.Xamarin.Forms.csproj", "{E2BAB6D8-5A59-41BB-A4C5-6D0FA8866C76}"
EndProject
Project("{9A19103F-16F7-4668-BE54-9A1E7A4F7556}") = "Navigation", "src\Navigation\Navigation\Navigation.csproj", "{57A21B33-63BF-4392-A614-FEEDBA66E150}"
EndProject
Project("{2150E333-8FDC-42A3-9474-1A3956D46DE8}") = "Samples", "Samples", "{E6720260-E773-4B82-8FEC-7F0447D17270}"
EndProject
Project("{2150E333-8FDC-42A3-9474-1A3956D46DE8}") = "MasterDetail", "MasterDetail", "{B6787E5E-90E2-4326-A9D7-62383A8F26C3}"
EndProject
Project("{9A19103F-16F7-4668-BE54-9A1E7A4F7556}") = "MasterDetailSample", "samples\MasterDetail\MasterDetailSample\MasterDetailSample\MasterDetailSample.csproj", "{874589FA-2ADE-4AB4-8A45-30123C966F4B}"
EndProject
Project("{FAE04EC0-301F-11D3-BF4B-00C04F79EFBC}") = "MasterDetailSample.Android", "samples\MasterDetail\MasterDetailSample\MasterDetailSample.Android\MasterDetailSample.Android.csproj", "{ECF5F76F-EA14-4EF2-9C6C-0B92265C9478}"
EndProject
Project("{FAE04EC0-301F-11D3-BF4B-00C04F79EFBC}") = "MasterDetailSample.iOS", "samples\MasterDetail\MasterDetailSample\MasterDetailSample.iOS\MasterDetailSample.iOS.csproj", "{A1B50809-0BAF-40B7-89E1-BED45D7FB254}"
EndProject
Project("{9A19103F-16F7-4668-BE54-9A1E7A4F7556}") = "ViewModels", "samples\MasterDetail\ViewModels\ViewModels.csproj", "{38F2467C-A9CB-4A75-BD80-C9B7D1CEE0E3}"
EndProject
Project("{2150E333-8FDC-42A3-9474-1A3956D46DE8}") = "Tabbed", "Tabbed", "{3093EAE2-9AB2-4DD0-8A03-E7BDAEA08A71}"
EndProject
Project("{FAE04EC0-301F-11D3-BF4B-00C04F79EFBC}") = "TabbedSample.Android", "samples\TabbedSample\TabbedSample.Android\TabbedSample.Android.csproj", "{933ACA9E-69A8-4AFB-9443-0EC99EFB8566}"
EndProject
Project("{FAE04EC0-301F-11D3-BF4B-00C04F79EFBC}") = "TabbedSample.iOS", "samples\TabbedSample\TabbedSample.iOS\TabbedSample.iOS.csproj", "{147432B0-EB59-46F4-A584-7F604AD26E0A}"
EndProject
Project("{FAE04EC0-301F-11D3-BF4B-00C04F79EFBC}") = "TabbedSample", "samples\TabbedSample\TabbedSample\TabbedSample.csproj", "{A72B557B-5B94-402E-9D43-5CDE782DDC6B}"
EndProject
Project("{FAE04EC0-301F-11D3-BF4B-00C04F79EFBC}") = "Navigation.WPF", "src\Navigation\Navigation.WPF\Navigation.WPF.csproj", "{C260156C-EFA9-4058-8B06-3D6AA1B4E8C8}"
EndProject
Global
	GlobalSection(SolutionConfigurationPlatforms) = preSolution
		Debug|Any CPU = Debug|Any CPU
		Debug|iPhone = Debug|iPhone
		Debug|iPhoneSimulator = Debug|iPhoneSimulator
		Release|Any CPU = Release|Any CPU
		Release|iPhone = Release|iPhone
		Release|iPhoneSimulator = Release|iPhoneSimulator
	EndGlobalSection
	GlobalSection(ProjectConfigurationPlatforms) = postSolution
		{DE76FD11-8FB8-484C-9F74-3A22926249A8}.Debug|Any CPU.ActiveCfg = Debug|Any CPU
		{DE76FD11-8FB8-484C-9F74-3A22926249A8}.Debug|Any CPU.Build.0 = Debug|Any CPU
		{DE76FD11-8FB8-484C-9F74-3A22926249A8}.Debug|iPhone.ActiveCfg = Debug|Any CPU
		{DE76FD11-8FB8-484C-9F74-3A22926249A8}.Debug|iPhone.Build.0 = Debug|Any CPU
		{DE76FD11-8FB8-484C-9F74-3A22926249A8}.Debug|iPhoneSimulator.ActiveCfg = Debug|Any CPU
		{DE76FD11-8FB8-484C-9F74-3A22926249A8}.Debug|iPhoneSimulator.Build.0 = Debug|Any CPU
		{DE76FD11-8FB8-484C-9F74-3A22926249A8}.Release|Any CPU.ActiveCfg = Release|Any CPU
		{DE76FD11-8FB8-484C-9F74-3A22926249A8}.Release|Any CPU.Build.0 = Release|Any CPU
		{DE76FD11-8FB8-484C-9F74-3A22926249A8}.Release|iPhone.ActiveCfg = Release|Any CPU
		{DE76FD11-8FB8-484C-9F74-3A22926249A8}.Release|iPhone.Build.0 = Release|Any CPU
		{DE76FD11-8FB8-484C-9F74-3A22926249A8}.Release|iPhoneSimulator.ActiveCfg = Release|Any CPU
		{DE76FD11-8FB8-484C-9F74-3A22926249A8}.Release|iPhoneSimulator.Build.0 = Release|Any CPU
		{8D81D33A-3413-468D-92C4-D08E65DC47A1}.Debug|Any CPU.ActiveCfg = Debug|Any CPU
		{8D81D33A-3413-468D-92C4-D08E65DC47A1}.Debug|Any CPU.Build.0 = Debug|Any CPU
		{8D81D33A-3413-468D-92C4-D08E65DC47A1}.Debug|iPhone.ActiveCfg = Debug|Any CPU
		{8D81D33A-3413-468D-92C4-D08E65DC47A1}.Debug|iPhone.Build.0 = Debug|Any CPU
		{8D81D33A-3413-468D-92C4-D08E65DC47A1}.Debug|iPhoneSimulator.ActiveCfg = Debug|Any CPU
		{8D81D33A-3413-468D-92C4-D08E65DC47A1}.Debug|iPhoneSimulator.Build.0 = Debug|Any CPU
		{8D81D33A-3413-468D-92C4-D08E65DC47A1}.Release|Any CPU.ActiveCfg = Release|Any CPU
		{8D81D33A-3413-468D-92C4-D08E65DC47A1}.Release|Any CPU.Build.0 = Release|Any CPU
		{8D81D33A-3413-468D-92C4-D08E65DC47A1}.Release|iPhone.ActiveCfg = Release|Any CPU
		{8D81D33A-3413-468D-92C4-D08E65DC47A1}.Release|iPhone.Build.0 = Release|Any CPU
		{8D81D33A-3413-468D-92C4-D08E65DC47A1}.Release|iPhoneSimulator.ActiveCfg = Release|Any CPU
		{8D81D33A-3413-468D-92C4-D08E65DC47A1}.Release|iPhoneSimulator.Build.0 = Release|Any CPU
		{96941ECE-54E5-4985-B823-1451D6EEDDC1}.Debug|Any CPU.ActiveCfg = Debug|Any CPU
		{96941ECE-54E5-4985-B823-1451D6EEDDC1}.Debug|Any CPU.Build.0 = Debug|Any CPU
		{96941ECE-54E5-4985-B823-1451D6EEDDC1}.Debug|iPhone.ActiveCfg = Debug|Any CPU
		{96941ECE-54E5-4985-B823-1451D6EEDDC1}.Debug|iPhone.Build.0 = Debug|Any CPU
		{96941ECE-54E5-4985-B823-1451D6EEDDC1}.Debug|iPhoneSimulator.ActiveCfg = Debug|Any CPU
		{96941ECE-54E5-4985-B823-1451D6EEDDC1}.Debug|iPhoneSimulator.Build.0 = Debug|Any CPU
		{96941ECE-54E5-4985-B823-1451D6EEDDC1}.Release|Any CPU.ActiveCfg = Release|Any CPU
		{96941ECE-54E5-4985-B823-1451D6EEDDC1}.Release|Any CPU.Build.0 = Release|Any CPU
		{96941ECE-54E5-4985-B823-1451D6EEDDC1}.Release|iPhone.ActiveCfg = Release|Any CPU
		{96941ECE-54E5-4985-B823-1451D6EEDDC1}.Release|iPhone.Build.0 = Release|Any CPU
		{96941ECE-54E5-4985-B823-1451D6EEDDC1}.Release|iPhoneSimulator.ActiveCfg = Release|Any CPU
		{96941ECE-54E5-4985-B823-1451D6EEDDC1}.Release|iPhoneSimulator.Build.0 = Release|Any CPU
		{410E1651-0D1B-423A-8BE7-5323B1626820}.Debug|Any CPU.ActiveCfg = Debug|Any CPU
		{410E1651-0D1B-423A-8BE7-5323B1626820}.Debug|Any CPU.Build.0 = Debug|Any CPU
		{410E1651-0D1B-423A-8BE7-5323B1626820}.Debug|iPhone.ActiveCfg = Debug|Any CPU
		{410E1651-0D1B-423A-8BE7-5323B1626820}.Debug|iPhone.Build.0 = Debug|Any CPU
		{410E1651-0D1B-423A-8BE7-5323B1626820}.Debug|iPhoneSimulator.ActiveCfg = Debug|Any CPU
		{410E1651-0D1B-423A-8BE7-5323B1626820}.Debug|iPhoneSimulator.Build.0 = Debug|Any CPU
		{410E1651-0D1B-423A-8BE7-5323B1626820}.Release|Any CPU.ActiveCfg = Release|Any CPU
		{410E1651-0D1B-423A-8BE7-5323B1626820}.Release|Any CPU.Build.0 = Release|Any CPU
		{410E1651-0D1B-423A-8BE7-5323B1626820}.Release|iPhone.ActiveCfg = Release|Any CPU
		{410E1651-0D1B-423A-8BE7-5323B1626820}.Release|iPhone.Build.0 = Release|Any CPU
		{410E1651-0D1B-423A-8BE7-5323B1626820}.Release|iPhoneSimulator.ActiveCfg = Release|Any CPU
		{410E1651-0D1B-423A-8BE7-5323B1626820}.Release|iPhoneSimulator.Build.0 = Release|Any CPU
		{E987A4CF-C291-4E23-9411-C8D7BD7B99ED}.Debug|Any CPU.ActiveCfg = Debug|Any CPU
		{E987A4CF-C291-4E23-9411-C8D7BD7B99ED}.Debug|Any CPU.Build.0 = Debug|Any CPU
		{E987A4CF-C291-4E23-9411-C8D7BD7B99ED}.Debug|iPhone.ActiveCfg = Debug|Any CPU
		{E987A4CF-C291-4E23-9411-C8D7BD7B99ED}.Debug|iPhone.Build.0 = Debug|Any CPU
		{E987A4CF-C291-4E23-9411-C8D7BD7B99ED}.Debug|iPhoneSimulator.ActiveCfg = Debug|Any CPU
		{E987A4CF-C291-4E23-9411-C8D7BD7B99ED}.Debug|iPhoneSimulator.Build.0 = Debug|Any CPU
		{E987A4CF-C291-4E23-9411-C8D7BD7B99ED}.Release|Any CPU.ActiveCfg = Release|Any CPU
		{E987A4CF-C291-4E23-9411-C8D7BD7B99ED}.Release|Any CPU.Build.0 = Release|Any CPU
		{E987A4CF-C291-4E23-9411-C8D7BD7B99ED}.Release|iPhone.ActiveCfg = Release|Any CPU
		{E987A4CF-C291-4E23-9411-C8D7BD7B99ED}.Release|iPhone.Build.0 = Release|Any CPU
		{E987A4CF-C291-4E23-9411-C8D7BD7B99ED}.Release|iPhoneSimulator.ActiveCfg = Release|Any CPU
		{E987A4CF-C291-4E23-9411-C8D7BD7B99ED}.Release|iPhoneSimulator.Build.0 = Release|Any CPU
		{1EAF252D-DE27-421D-B0C6-7520484F0031}.Debug|Any CPU.ActiveCfg = Debug|Any CPU
		{1EAF252D-DE27-421D-B0C6-7520484F0031}.Debug|Any CPU.Build.0 = Debug|Any CPU
		{1EAF252D-DE27-421D-B0C6-7520484F0031}.Debug|iPhone.ActiveCfg = Debug|Any CPU
		{1EAF252D-DE27-421D-B0C6-7520484F0031}.Debug|iPhone.Build.0 = Debug|Any CPU
		{1EAF252D-DE27-421D-B0C6-7520484F0031}.Debug|iPhoneSimulator.ActiveCfg = Debug|Any CPU
		{1EAF252D-DE27-421D-B0C6-7520484F0031}.Debug|iPhoneSimulator.Build.0 = Debug|Any CPU
		{1EAF252D-DE27-421D-B0C6-7520484F0031}.Release|Any CPU.ActiveCfg = Release|Any CPU
		{1EAF252D-DE27-421D-B0C6-7520484F0031}.Release|Any CPU.Build.0 = Release|Any CPU
		{1EAF252D-DE27-421D-B0C6-7520484F0031}.Release|iPhone.ActiveCfg = Release|Any CPU
		{1EAF252D-DE27-421D-B0C6-7520484F0031}.Release|iPhone.Build.0 = Release|Any CPU
		{1EAF252D-DE27-421D-B0C6-7520484F0031}.Release|iPhoneSimulator.ActiveCfg = Release|Any CPU
		{1EAF252D-DE27-421D-B0C6-7520484F0031}.Release|iPhoneSimulator.Build.0 = Release|Any CPU
		{5B3AC20B-FA15-4985-BCB9-437C9162D3A8}.Debug|Any CPU.ActiveCfg = Debug|Any CPU
		{5B3AC20B-FA15-4985-BCB9-437C9162D3A8}.Debug|Any CPU.Build.0 = Debug|Any CPU
		{5B3AC20B-FA15-4985-BCB9-437C9162D3A8}.Debug|iPhone.ActiveCfg = Debug|Any CPU
		{5B3AC20B-FA15-4985-BCB9-437C9162D3A8}.Debug|iPhone.Build.0 = Debug|Any CPU
		{5B3AC20B-FA15-4985-BCB9-437C9162D3A8}.Debug|iPhoneSimulator.ActiveCfg = Debug|Any CPU
		{5B3AC20B-FA15-4985-BCB9-437C9162D3A8}.Debug|iPhoneSimulator.Build.0 = Debug|Any CPU
		{5B3AC20B-FA15-4985-BCB9-437C9162D3A8}.Release|Any CPU.ActiveCfg = Release|Any CPU
		{5B3AC20B-FA15-4985-BCB9-437C9162D3A8}.Release|Any CPU.Build.0 = Release|Any CPU
		{5B3AC20B-FA15-4985-BCB9-437C9162D3A8}.Release|iPhone.ActiveCfg = Release|Any CPU
		{5B3AC20B-FA15-4985-BCB9-437C9162D3A8}.Release|iPhone.Build.0 = Release|Any CPU
		{5B3AC20B-FA15-4985-BCB9-437C9162D3A8}.Release|iPhoneSimulator.ActiveCfg = Release|Any CPU
		{5B3AC20B-FA15-4985-BCB9-437C9162D3A8}.Release|iPhoneSimulator.Build.0 = Release|Any CPU
		{F0B5FE26-093B-4035-AE0D-CE561CF09B4A}.Debug|Any CPU.ActiveCfg = Debug|Any CPU
		{F0B5FE26-093B-4035-AE0D-CE561CF09B4A}.Debug|Any CPU.Build.0 = Debug|Any CPU
		{F0B5FE26-093B-4035-AE0D-CE561CF09B4A}.Debug|iPhone.ActiveCfg = Debug|Any CPU
		{F0B5FE26-093B-4035-AE0D-CE561CF09B4A}.Debug|iPhone.Build.0 = Debug|Any CPU
		{F0B5FE26-093B-4035-AE0D-CE561CF09B4A}.Debug|iPhoneSimulator.ActiveCfg = Debug|Any CPU
		{F0B5FE26-093B-4035-AE0D-CE561CF09B4A}.Debug|iPhoneSimulator.Build.0 = Debug|Any CPU
		{F0B5FE26-093B-4035-AE0D-CE561CF09B4A}.Release|Any CPU.ActiveCfg = Release|Any CPU
		{F0B5FE26-093B-4035-AE0D-CE561CF09B4A}.Release|Any CPU.Build.0 = Release|Any CPU
		{F0B5FE26-093B-4035-AE0D-CE561CF09B4A}.Release|iPhone.ActiveCfg = Release|Any CPU
		{F0B5FE26-093B-4035-AE0D-CE561CF09B4A}.Release|iPhone.Build.0 = Release|Any CPU
		{F0B5FE26-093B-4035-AE0D-CE561CF09B4A}.Release|iPhoneSimulator.ActiveCfg = Release|Any CPU
		{F0B5FE26-093B-4035-AE0D-CE561CF09B4A}.Release|iPhoneSimulator.Build.0 = Release|Any CPU
		{3A77AD67-9356-40B3-909D-EC5699B9AEE4}.Debug|Any CPU.ActiveCfg = Debug|Any CPU
		{3A77AD67-9356-40B3-909D-EC5699B9AEE4}.Debug|Any CPU.Build.0 = Debug|Any CPU
		{3A77AD67-9356-40B3-909D-EC5699B9AEE4}.Debug|iPhone.ActiveCfg = Debug|Any CPU
		{3A77AD67-9356-40B3-909D-EC5699B9AEE4}.Debug|iPhone.Build.0 = Debug|Any CPU
		{3A77AD67-9356-40B3-909D-EC5699B9AEE4}.Debug|iPhoneSimulator.ActiveCfg = Debug|Any CPU
		{3A77AD67-9356-40B3-909D-EC5699B9AEE4}.Debug|iPhoneSimulator.Build.0 = Debug|Any CPU
		{3A77AD67-9356-40B3-909D-EC5699B9AEE4}.Release|Any CPU.ActiveCfg = Release|Any CPU
		{3A77AD67-9356-40B3-909D-EC5699B9AEE4}.Release|Any CPU.Build.0 = Release|Any CPU
		{3A77AD67-9356-40B3-909D-EC5699B9AEE4}.Release|iPhone.ActiveCfg = Release|Any CPU
		{3A77AD67-9356-40B3-909D-EC5699B9AEE4}.Release|iPhone.Build.0 = Release|Any CPU
		{3A77AD67-9356-40B3-909D-EC5699B9AEE4}.Release|iPhoneSimulator.ActiveCfg = Release|Any CPU
		{3A77AD67-9356-40B3-909D-EC5699B9AEE4}.Release|iPhoneSimulator.Build.0 = Release|Any CPU
		{37A8B3CF-C5F3-4B47-A497-8204E47AD1B9}.Debug|Any CPU.ActiveCfg = Debug|Any CPU
		{37A8B3CF-C5F3-4B47-A497-8204E47AD1B9}.Debug|Any CPU.Build.0 = Debug|Any CPU
		{37A8B3CF-C5F3-4B47-A497-8204E47AD1B9}.Debug|iPhone.ActiveCfg = Debug|Any CPU
		{37A8B3CF-C5F3-4B47-A497-8204E47AD1B9}.Debug|iPhone.Build.0 = Debug|Any CPU
		{37A8B3CF-C5F3-4B47-A497-8204E47AD1B9}.Debug|iPhoneSimulator.ActiveCfg = Debug|Any CPU
		{37A8B3CF-C5F3-4B47-A497-8204E47AD1B9}.Debug|iPhoneSimulator.Build.0 = Debug|Any CPU
		{37A8B3CF-C5F3-4B47-A497-8204E47AD1B9}.Release|Any CPU.ActiveCfg = Release|Any CPU
		{37A8B3CF-C5F3-4B47-A497-8204E47AD1B9}.Release|Any CPU.Build.0 = Release|Any CPU
		{37A8B3CF-C5F3-4B47-A497-8204E47AD1B9}.Release|iPhone.ActiveCfg = Release|Any CPU
		{37A8B3CF-C5F3-4B47-A497-8204E47AD1B9}.Release|iPhone.Build.0 = Release|Any CPU
		{37A8B3CF-C5F3-4B47-A497-8204E47AD1B9}.Release|iPhoneSimulator.ActiveCfg = Release|Any CPU
		{37A8B3CF-C5F3-4B47-A497-8204E47AD1B9}.Release|iPhoneSimulator.Build.0 = Release|Any CPU
		{26F8340F-9164-4F6C-B9F0-091C25701BC7}.Debug|Any CPU.ActiveCfg = Debug|Any CPU
		{26F8340F-9164-4F6C-B9F0-091C25701BC7}.Debug|Any CPU.Build.0 = Debug|Any CPU
		{26F8340F-9164-4F6C-B9F0-091C25701BC7}.Debug|iPhone.ActiveCfg = Debug|Any CPU
		{26F8340F-9164-4F6C-B9F0-091C25701BC7}.Debug|iPhone.Build.0 = Debug|Any CPU
		{26F8340F-9164-4F6C-B9F0-091C25701BC7}.Debug|iPhoneSimulator.ActiveCfg = Debug|Any CPU
		{26F8340F-9164-4F6C-B9F0-091C25701BC7}.Debug|iPhoneSimulator.Build.0 = Debug|Any CPU
		{26F8340F-9164-4F6C-B9F0-091C25701BC7}.Release|Any CPU.ActiveCfg = Release|Any CPU
		{26F8340F-9164-4F6C-B9F0-091C25701BC7}.Release|Any CPU.Build.0 = Release|Any CPU
		{26F8340F-9164-4F6C-B9F0-091C25701BC7}.Release|iPhone.ActiveCfg = Release|Any CPU
		{26F8340F-9164-4F6C-B9F0-091C25701BC7}.Release|iPhone.Build.0 = Release|Any CPU
		{26F8340F-9164-4F6C-B9F0-091C25701BC7}.Release|iPhoneSimulator.ActiveCfg = Release|Any CPU
		{26F8340F-9164-4F6C-B9F0-091C25701BC7}.Release|iPhoneSimulator.Build.0 = Release|Any CPU
		{01604C86-EDAB-4EA8-8176-82BAB76B2CB5}.Debug|Any CPU.ActiveCfg = Debug|Any CPU
		{01604C86-EDAB-4EA8-8176-82BAB76B2CB5}.Debug|Any CPU.Build.0 = Debug|Any CPU
		{01604C86-EDAB-4EA8-8176-82BAB76B2CB5}.Debug|iPhone.ActiveCfg = Debug|Any CPU
		{01604C86-EDAB-4EA8-8176-82BAB76B2CB5}.Debug|iPhone.Build.0 = Debug|Any CPU
		{01604C86-EDAB-4EA8-8176-82BAB76B2CB5}.Debug|iPhoneSimulator.ActiveCfg = Debug|Any CPU
		{01604C86-EDAB-4EA8-8176-82BAB76B2CB5}.Debug|iPhoneSimulator.Build.0 = Debug|Any CPU
		{01604C86-EDAB-4EA8-8176-82BAB76B2CB5}.Release|Any CPU.ActiveCfg = Release|Any CPU
		{01604C86-EDAB-4EA8-8176-82BAB76B2CB5}.Release|Any CPU.Build.0 = Release|Any CPU
		{01604C86-EDAB-4EA8-8176-82BAB76B2CB5}.Release|iPhone.ActiveCfg = Release|Any CPU
		{01604C86-EDAB-4EA8-8176-82BAB76B2CB5}.Release|iPhone.Build.0 = Release|Any CPU
		{01604C86-EDAB-4EA8-8176-82BAB76B2CB5}.Release|iPhoneSimulator.ActiveCfg = Release|Any CPU
		{01604C86-EDAB-4EA8-8176-82BAB76B2CB5}.Release|iPhoneSimulator.Build.0 = Release|Any CPU
		{C9A674D9-2056-4E21-8FC9-2D39E435D241}.Debug|Any CPU.ActiveCfg = Debug|Any CPU
		{C9A674D9-2056-4E21-8FC9-2D39E435D241}.Debug|Any CPU.Build.0 = Debug|Any CPU
		{C9A674D9-2056-4E21-8FC9-2D39E435D241}.Debug|iPhone.ActiveCfg = Debug|Any CPU
		{C9A674D9-2056-4E21-8FC9-2D39E435D241}.Debug|iPhone.Build.0 = Debug|Any CPU
		{C9A674D9-2056-4E21-8FC9-2D39E435D241}.Debug|iPhoneSimulator.ActiveCfg = Debug|Any CPU
		{C9A674D9-2056-4E21-8FC9-2D39E435D241}.Debug|iPhoneSimulator.Build.0 = Debug|Any CPU
		{C9A674D9-2056-4E21-8FC9-2D39E435D241}.Release|Any CPU.ActiveCfg = Release|Any CPU
		{C9A674D9-2056-4E21-8FC9-2D39E435D241}.Release|Any CPU.Build.0 = Release|Any CPU
		{C9A674D9-2056-4E21-8FC9-2D39E435D241}.Release|iPhone.ActiveCfg = Release|Any CPU
		{C9A674D9-2056-4E21-8FC9-2D39E435D241}.Release|iPhone.Build.0 = Release|Any CPU
		{C9A674D9-2056-4E21-8FC9-2D39E435D241}.Release|iPhoneSimulator.ActiveCfg = Release|Any CPU
		{C9A674D9-2056-4E21-8FC9-2D39E435D241}.Release|iPhoneSimulator.Build.0 = Release|Any CPU
		{C7A9C277-322D-4FF5-B3E3-58BEA844E550}.Debug|Any CPU.ActiveCfg = Debug|Any CPU
		{C7A9C277-322D-4FF5-B3E3-58BEA844E550}.Debug|Any CPU.Build.0 = Debug|Any CPU
		{C7A9C277-322D-4FF5-B3E3-58BEA844E550}.Debug|iPhone.ActiveCfg = Debug|Any CPU
		{C7A9C277-322D-4FF5-B3E3-58BEA844E550}.Debug|iPhone.Build.0 = Debug|Any CPU
		{C7A9C277-322D-4FF5-B3E3-58BEA844E550}.Debug|iPhoneSimulator.ActiveCfg = Debug|Any CPU
		{C7A9C277-322D-4FF5-B3E3-58BEA844E550}.Debug|iPhoneSimulator.Build.0 = Debug|Any CPU
		{C7A9C277-322D-4FF5-B3E3-58BEA844E550}.Release|Any CPU.ActiveCfg = Release|Any CPU
		{C7A9C277-322D-4FF5-B3E3-58BEA844E550}.Release|Any CPU.Build.0 = Release|Any CPU
		{C7A9C277-322D-4FF5-B3E3-58BEA844E550}.Release|iPhone.ActiveCfg = Release|Any CPU
		{C7A9C277-322D-4FF5-B3E3-58BEA844E550}.Release|iPhone.Build.0 = Release|Any CPU
		{C7A9C277-322D-4FF5-B3E3-58BEA844E550}.Release|iPhoneSimulator.ActiveCfg = Release|Any CPU
		{C7A9C277-322D-4FF5-B3E3-58BEA844E550}.Release|iPhoneSimulator.Build.0 = Release|Any CPU
		{E2BAB6D8-5A59-41BB-A4C5-6D0FA8866C76}.Debug|Any CPU.ActiveCfg = Debug|Any CPU
		{E2BAB6D8-5A59-41BB-A4C5-6D0FA8866C76}.Debug|Any CPU.Build.0 = Debug|Any CPU
		{E2BAB6D8-5A59-41BB-A4C5-6D0FA8866C76}.Debug|iPhone.ActiveCfg = Debug|Any CPU
		{E2BAB6D8-5A59-41BB-A4C5-6D0FA8866C76}.Debug|iPhone.Build.0 = Debug|Any CPU
		{E2BAB6D8-5A59-41BB-A4C5-6D0FA8866C76}.Debug|iPhoneSimulator.ActiveCfg = Debug|Any CPU
		{E2BAB6D8-5A59-41BB-A4C5-6D0FA8866C76}.Debug|iPhoneSimulator.Build.0 = Debug|Any CPU
		{E2BAB6D8-5A59-41BB-A4C5-6D0FA8866C76}.Release|Any CPU.ActiveCfg = Release|Any CPU
		{E2BAB6D8-5A59-41BB-A4C5-6D0FA8866C76}.Release|Any CPU.Build.0 = Release|Any CPU
		{E2BAB6D8-5A59-41BB-A4C5-6D0FA8866C76}.Release|iPhone.ActiveCfg = Release|Any CPU
		{E2BAB6D8-5A59-41BB-A4C5-6D0FA8866C76}.Release|iPhone.Build.0 = Release|Any CPU
		{E2BAB6D8-5A59-41BB-A4C5-6D0FA8866C76}.Release|iPhoneSimulator.ActiveCfg = Release|Any CPU
		{E2BAB6D8-5A59-41BB-A4C5-6D0FA8866C76}.Release|iPhoneSimulator.Build.0 = Release|Any CPU
		{57A21B33-63BF-4392-A614-FEEDBA66E150}.Debug|Any CPU.ActiveCfg = Debug|Any CPU
		{57A21B33-63BF-4392-A614-FEEDBA66E150}.Debug|Any CPU.Build.0 = Debug|Any CPU
		{57A21B33-63BF-4392-A614-FEEDBA66E150}.Debug|iPhone.ActiveCfg = Debug|Any CPU
		{57A21B33-63BF-4392-A614-FEEDBA66E150}.Debug|iPhone.Build.0 = Debug|Any CPU
		{57A21B33-63BF-4392-A614-FEEDBA66E150}.Debug|iPhoneSimulator.ActiveCfg = Debug|Any CPU
		{57A21B33-63BF-4392-A614-FEEDBA66E150}.Debug|iPhoneSimulator.Build.0 = Debug|Any CPU
		{57A21B33-63BF-4392-A614-FEEDBA66E150}.Release|Any CPU.ActiveCfg = Release|Any CPU
		{57A21B33-63BF-4392-A614-FEEDBA66E150}.Release|Any CPU.Build.0 = Release|Any CPU
		{C260156C-EFA9-4058-8B06-3D6AA1B4E8C8}.Debug|Any CPU.ActiveCfg = Debug|Any CPU
		{C260156C-EFA9-4058-8B06-3D6AA1B4E8C8}.Debug|Any CPU.Build.0 = Debug|Any CPU
		{C260156C-EFA9-4058-8B06-3D6AA1B4E8C8}.Release|Any CPU.ActiveCfg = Release|Any CPU
		{C260156C-EFA9-4058-8B06-3D6AA1B4E8C8}.Release|Any CPU.Build.0 = Release|Any CPU
		{57A21B33-63BF-4392-A614-FEEDBA66E150}.Release|iPhone.ActiveCfg = Release|Any CPU
		{57A21B33-63BF-4392-A614-FEEDBA66E150}.Release|iPhone.Build.0 = Release|Any CPU
		{57A21B33-63BF-4392-A614-FEEDBA66E150}.Release|iPhoneSimulator.ActiveCfg = Release|Any CPU
		{57A21B33-63BF-4392-A614-FEEDBA66E150}.Release|iPhoneSimulator.Build.0 = Release|Any CPU
		{874589FA-2ADE-4AB4-8A45-30123C966F4B}.Debug|Any CPU.ActiveCfg = Debug|Any CPU
		{874589FA-2ADE-4AB4-8A45-30123C966F4B}.Debug|Any CPU.Build.0 = Debug|Any CPU
		{874589FA-2ADE-4AB4-8A45-30123C966F4B}.Debug|iPhone.ActiveCfg = Debug|Any CPU
		{874589FA-2ADE-4AB4-8A45-30123C966F4B}.Debug|iPhone.Build.0 = Debug|Any CPU
		{874589FA-2ADE-4AB4-8A45-30123C966F4B}.Debug|iPhoneSimulator.ActiveCfg = Debug|Any CPU
		{874589FA-2ADE-4AB4-8A45-30123C966F4B}.Debug|iPhoneSimulator.Build.0 = Debug|Any CPU
		{874589FA-2ADE-4AB4-8A45-30123C966F4B}.Release|Any CPU.ActiveCfg = Release|Any CPU
		{874589FA-2ADE-4AB4-8A45-30123C966F4B}.Release|Any CPU.Build.0 = Release|Any CPU
		{874589FA-2ADE-4AB4-8A45-30123C966F4B}.Release|iPhone.ActiveCfg = Release|Any CPU
		{874589FA-2ADE-4AB4-8A45-30123C966F4B}.Release|iPhone.Build.0 = Release|Any CPU
		{874589FA-2ADE-4AB4-8A45-30123C966F4B}.Release|iPhoneSimulator.ActiveCfg = Release|Any CPU
		{874589FA-2ADE-4AB4-8A45-30123C966F4B}.Release|iPhoneSimulator.Build.0 = Release|Any CPU
		{ECF5F76F-EA14-4EF2-9C6C-0B92265C9478}.Debug|Any CPU.ActiveCfg = Debug|Any CPU
		{ECF5F76F-EA14-4EF2-9C6C-0B92265C9478}.Debug|Any CPU.Build.0 = Debug|Any CPU
		{ECF5F76F-EA14-4EF2-9C6C-0B92265C9478}.Debug|Any CPU.Deploy.0 = Debug|Any CPU
		{ECF5F76F-EA14-4EF2-9C6C-0B92265C9478}.Debug|iPhone.ActiveCfg = Debug|Any CPU
		{ECF5F76F-EA14-4EF2-9C6C-0B92265C9478}.Debug|iPhone.Build.0 = Debug|Any CPU
		{ECF5F76F-EA14-4EF2-9C6C-0B92265C9478}.Debug|iPhone.Deploy.0 = Debug|Any CPU
		{ECF5F76F-EA14-4EF2-9C6C-0B92265C9478}.Debug|iPhoneSimulator.ActiveCfg = Debug|Any CPU
		{ECF5F76F-EA14-4EF2-9C6C-0B92265C9478}.Debug|iPhoneSimulator.Build.0 = Debug|Any CPU
		{ECF5F76F-EA14-4EF2-9C6C-0B92265C9478}.Debug|iPhoneSimulator.Deploy.0 = Debug|Any CPU
		{ECF5F76F-EA14-4EF2-9C6C-0B92265C9478}.Release|Any CPU.ActiveCfg = Release|Any CPU
		{ECF5F76F-EA14-4EF2-9C6C-0B92265C9478}.Release|Any CPU.Build.0 = Release|Any CPU
		{ECF5F76F-EA14-4EF2-9C6C-0B92265C9478}.Release|Any CPU.Deploy.0 = Release|Any CPU
		{ECF5F76F-EA14-4EF2-9C6C-0B92265C9478}.Release|iPhone.ActiveCfg = Release|Any CPU
		{ECF5F76F-EA14-4EF2-9C6C-0B92265C9478}.Release|iPhone.Build.0 = Release|Any CPU
		{ECF5F76F-EA14-4EF2-9C6C-0B92265C9478}.Release|iPhone.Deploy.0 = Release|Any CPU
		{ECF5F76F-EA14-4EF2-9C6C-0B92265C9478}.Release|iPhoneSimulator.ActiveCfg = Release|Any CPU
		{ECF5F76F-EA14-4EF2-9C6C-0B92265C9478}.Release|iPhoneSimulator.Build.0 = Release|Any CPU
		{ECF5F76F-EA14-4EF2-9C6C-0B92265C9478}.Release|iPhoneSimulator.Deploy.0 = Release|Any CPU
		{A1B50809-0BAF-40B7-89E1-BED45D7FB254}.Debug|Any CPU.ActiveCfg = Debug|iPhone
		{A1B50809-0BAF-40B7-89E1-BED45D7FB254}.Debug|iPhone.ActiveCfg = Debug|iPhone
		{A1B50809-0BAF-40B7-89E1-BED45D7FB254}.Debug|iPhone.Build.0 = Debug|iPhone
		{A1B50809-0BAF-40B7-89E1-BED45D7FB254}.Debug|iPhoneSimulator.ActiveCfg = Debug|iPhoneSimulator
		{A1B50809-0BAF-40B7-89E1-BED45D7FB254}.Debug|iPhoneSimulator.Build.0 = Debug|iPhoneSimulator
		{A1B50809-0BAF-40B7-89E1-BED45D7FB254}.Release|Any CPU.ActiveCfg = Release|iPhone
		{A1B50809-0BAF-40B7-89E1-BED45D7FB254}.Release|iPhone.ActiveCfg = Release|iPhone
		{A1B50809-0BAF-40B7-89E1-BED45D7FB254}.Release|iPhone.Build.0 = Release|iPhone
		{A1B50809-0BAF-40B7-89E1-BED45D7FB254}.Release|iPhoneSimulator.ActiveCfg = Release|iPhoneSimulator
		{A1B50809-0BAF-40B7-89E1-BED45D7FB254}.Release|iPhoneSimulator.Build.0 = Release|iPhoneSimulator
		{38F2467C-A9CB-4A75-BD80-C9B7D1CEE0E3}.Debug|Any CPU.ActiveCfg = Debug|Any CPU
		{38F2467C-A9CB-4A75-BD80-C9B7D1CEE0E3}.Debug|Any CPU.Build.0 = Debug|Any CPU
		{38F2467C-A9CB-4A75-BD80-C9B7D1CEE0E3}.Debug|iPhone.ActiveCfg = Debug|Any CPU
		{38F2467C-A9CB-4A75-BD80-C9B7D1CEE0E3}.Debug|iPhone.Build.0 = Debug|Any CPU
		{38F2467C-A9CB-4A75-BD80-C9B7D1CEE0E3}.Debug|iPhoneSimulator.ActiveCfg = Debug|Any CPU
		{38F2467C-A9CB-4A75-BD80-C9B7D1CEE0E3}.Debug|iPhoneSimulator.Build.0 = Debug|Any CPU
		{38F2467C-A9CB-4A75-BD80-C9B7D1CEE0E3}.Release|Any CPU.ActiveCfg = Release|Any CPU
		{38F2467C-A9CB-4A75-BD80-C9B7D1CEE0E3}.Release|Any CPU.Build.0 = Release|Any CPU
		{38F2467C-A9CB-4A75-BD80-C9B7D1CEE0E3}.Release|iPhone.ActiveCfg = Release|Any CPU
		{38F2467C-A9CB-4A75-BD80-C9B7D1CEE0E3}.Release|iPhone.Build.0 = Release|Any CPU
		{38F2467C-A9CB-4A75-BD80-C9B7D1CEE0E3}.Release|iPhoneSimulator.ActiveCfg = Release|Any CPU
		{38F2467C-A9CB-4A75-BD80-C9B7D1CEE0E3}.Release|iPhoneSimulator.Build.0 = Release|Any CPU
		{933ACA9E-69A8-4AFB-9443-0EC99EFB8566}.Debug|Any CPU.ActiveCfg = Debug|Any CPU
		{933ACA9E-69A8-4AFB-9443-0EC99EFB8566}.Debug|Any CPU.Build.0 = Debug|Any CPU
		{933ACA9E-69A8-4AFB-9443-0EC99EFB8566}.Debug|Any CPU.Deploy.0 = Debug|Any CPU
		{933ACA9E-69A8-4AFB-9443-0EC99EFB8566}.Debug|iPhone.ActiveCfg = Debug|Any CPU
		{933ACA9E-69A8-4AFB-9443-0EC99EFB8566}.Debug|iPhone.Build.0 = Debug|Any CPU
		{933ACA9E-69A8-4AFB-9443-0EC99EFB8566}.Debug|iPhone.Deploy.0 = Debug|Any CPU
		{933ACA9E-69A8-4AFB-9443-0EC99EFB8566}.Debug|iPhoneSimulator.ActiveCfg = Debug|Any CPU
		{933ACA9E-69A8-4AFB-9443-0EC99EFB8566}.Debug|iPhoneSimulator.Build.0 = Debug|Any CPU
		{933ACA9E-69A8-4AFB-9443-0EC99EFB8566}.Debug|iPhoneSimulator.Deploy.0 = Debug|Any CPU
		{933ACA9E-69A8-4AFB-9443-0EC99EFB8566}.Release|Any CPU.ActiveCfg = Release|Any CPU
		{933ACA9E-69A8-4AFB-9443-0EC99EFB8566}.Release|Any CPU.Build.0 = Release|Any CPU
		{933ACA9E-69A8-4AFB-9443-0EC99EFB8566}.Release|Any CPU.Deploy.0 = Release|Any CPU
		{933ACA9E-69A8-4AFB-9443-0EC99EFB8566}.Release|iPhone.ActiveCfg = Release|Any CPU
		{933ACA9E-69A8-4AFB-9443-0EC99EFB8566}.Release|iPhone.Build.0 = Release|Any CPU
		{933ACA9E-69A8-4AFB-9443-0EC99EFB8566}.Release|iPhone.Deploy.0 = Release|Any CPU
		{933ACA9E-69A8-4AFB-9443-0EC99EFB8566}.Release|iPhoneSimulator.ActiveCfg = Release|Any CPU
		{933ACA9E-69A8-4AFB-9443-0EC99EFB8566}.Release|iPhoneSimulator.Build.0 = Release|Any CPU
		{933ACA9E-69A8-4AFB-9443-0EC99EFB8566}.Release|iPhoneSimulator.Deploy.0 = Release|Any CPU
		{147432B0-EB59-46F4-A584-7F604AD26E0A}.Debug|Any CPU.ActiveCfg = Debug|iPhone
		{147432B0-EB59-46F4-A584-7F604AD26E0A}.Debug|iPhone.ActiveCfg = Debug|iPhone
		{147432B0-EB59-46F4-A584-7F604AD26E0A}.Debug|iPhone.Build.0 = Debug|iPhone
		{147432B0-EB59-46F4-A584-7F604AD26E0A}.Debug|iPhoneSimulator.ActiveCfg = Debug|iPhoneSimulator
		{147432B0-EB59-46F4-A584-7F604AD26E0A}.Debug|iPhoneSimulator.Build.0 = Debug|iPhoneSimulator
		{147432B0-EB59-46F4-A584-7F604AD26E0A}.Release|Any CPU.ActiveCfg = Release|iPhone
		{147432B0-EB59-46F4-A584-7F604AD26E0A}.Release|iPhone.ActiveCfg = Release|iPhone
		{147432B0-EB59-46F4-A584-7F604AD26E0A}.Release|iPhone.Build.0 = Release|iPhone
		{147432B0-EB59-46F4-A584-7F604AD26E0A}.Release|iPhoneSimulator.ActiveCfg = Release|iPhoneSimulator
		{147432B0-EB59-46F4-A584-7F604AD26E0A}.Release|iPhoneSimulator.Build.0 = Release|iPhoneSimulator
		{A72B557B-5B94-402E-9D43-5CDE782DDC6B}.Debug|Any CPU.ActiveCfg = Debug|Any CPU
		{A72B557B-5B94-402E-9D43-5CDE782DDC6B}.Debug|Any CPU.Build.0 = Debug|Any CPU
		{A72B557B-5B94-402E-9D43-5CDE782DDC6B}.Debug|iPhone.ActiveCfg = Debug|Any CPU
		{A72B557B-5B94-402E-9D43-5CDE782DDC6B}.Debug|iPhone.Build.0 = Debug|Any CPU
		{A72B557B-5B94-402E-9D43-5CDE782DDC6B}.Debug|iPhoneSimulator.ActiveCfg = Debug|Any CPU
		{A72B557B-5B94-402E-9D43-5CDE782DDC6B}.Debug|iPhoneSimulator.Build.0 = Debug|Any CPU
		{A72B557B-5B94-402E-9D43-5CDE782DDC6B}.Release|Any CPU.ActiveCfg = Release|Any CPU
		{A72B557B-5B94-402E-9D43-5CDE782DDC6B}.Release|Any CPU.Build.0 = Release|Any CPU
		{A72B557B-5B94-402E-9D43-5CDE782DDC6B}.Release|iPhone.ActiveCfg = Release|Any CPU
		{A72B557B-5B94-402E-9D43-5CDE782DDC6B}.Release|iPhone.Build.0 = Release|Any CPU
		{A72B557B-5B94-402E-9D43-5CDE782DDC6B}.Release|iPhoneSimulator.ActiveCfg = Release|Any CPU
		{A72B557B-5B94-402E-9D43-5CDE782DDC6B}.Release|iPhoneSimulator.Build.0 = Release|Any CPU
	EndGlobalSection
	GlobalSection(SolutionProperties) = preSolution
		HideSolutionNode = FALSE
	EndGlobalSection
	GlobalSection(NestedProjects) = preSolution
		{410E1651-0D1B-423A-8BE7-5323B1626820} = {787E435B-2F0B-4558-AC69-7AF2FDFAA500}
		{E987A4CF-C291-4E23-9411-C8D7BD7B99ED} = {A8EDB898-CC2D-4EF5-9CE5-CC48BDD51DE4}
		{1EAF252D-DE27-421D-B0C6-7520484F0031} = {A8EDB898-CC2D-4EF5-9CE5-CC48BDD51DE4}
		{5B3AC20B-FA15-4985-BCB9-437C9162D3A8} = {A8EDB898-CC2D-4EF5-9CE5-CC48BDD51DE4}
		{F0B5FE26-093B-4035-AE0D-CE561CF09B4A} = {A8EDB898-CC2D-4EF5-9CE5-CC48BDD51DE4}
		{3A77AD67-9356-40B3-909D-EC5699B9AEE4} = {A8EDB898-CC2D-4EF5-9CE5-CC48BDD51DE4}
		{37A8B3CF-C5F3-4B47-A497-8204E47AD1B9} = {83518436-0476-4F4D-BE28-97E605BFF297}
		{26F8340F-9164-4F6C-B9F0-091C25701BC7} = {83518436-0476-4F4D-BE28-97E605BFF297}
		{01604C86-EDAB-4EA8-8176-82BAB76B2CB5} = {C8EFF4E6-43D2-494A-BF09-343423ECCC5A}
		{C9A674D9-2056-4E21-8FC9-2D39E435D241} = {C8EFF4E6-43D2-494A-BF09-343423ECCC5A}
		{C7A9C277-322D-4FF5-B3E3-58BEA844E550} = {C8EFF4E6-43D2-494A-BF09-343423ECCC5A}
		{E2BAB6D8-5A59-41BB-A4C5-6D0FA8866C76} = {29BB5201-B1C7-4B28-B66A-56993CE74AC1}
		{57A21B33-63BF-4392-A614-FEEDBA66E150} = {29BB5201-B1C7-4B28-B66A-56993CE74AC1}
		{B6787E5E-90E2-4326-A9D7-62383A8F26C3} = {E6720260-E773-4B82-8FEC-7F0447D17270}
		{874589FA-2ADE-4AB4-8A45-30123C966F4B} = {B6787E5E-90E2-4326-A9D7-62383A8F26C3}
		{ECF5F76F-EA14-4EF2-9C6C-0B92265C9478} = {B6787E5E-90E2-4326-A9D7-62383A8F26C3}
		{A1B50809-0BAF-40B7-89E1-BED45D7FB254} = {B6787E5E-90E2-4326-A9D7-62383A8F26C3}
		{38F2467C-A9CB-4A75-BD80-C9B7D1CEE0E3} = {E6720260-E773-4B82-8FEC-7F0447D17270}
		{3093EAE2-9AB2-4DD0-8A03-E7BDAEA08A71} = {E6720260-E773-4B82-8FEC-7F0447D17270}
		{933ACA9E-69A8-4AFB-9443-0EC99EFB8566} = {3093EAE2-9AB2-4DD0-8A03-E7BDAEA08A71}
		{147432B0-EB59-46F4-A584-7F604AD26E0A} = {3093EAE2-9AB2-4DD0-8A03-E7BDAEA08A71}
		{A72B557B-5B94-402E-9D43-5CDE782DDC6B} = {3093EAE2-9AB2-4DD0-8A03-E7BDAEA08A71}
		{C260156C-EFA9-4058-8B06-3D6AA1B4E8C8} = {29BB5201-B1C7-4B28-B66A-56993CE74AC1}
	EndGlobalSection
	GlobalSection(ExtensibilityGlobals) = postSolution
		SolutionGuid = {7EDC70E9-1A61-46BF-839A-6262FB9AC289}
	EndGlobalSection
	GlobalSection(MonoDevelopProperties) = preSolution
		version = 2.0
	EndGlobalSection
EndGlobal
